
Microsoft Visual Studio Solution File, Format Version 12.00
# Visual Studio Version 17
VisualStudioVersion = 17.0.31717.71
MinimumVisualStudioVersion = 10.0.40219.1
Project("{9A19103F-16F7-4668-BE54-9A1E7A4F7556}") = "Cabs", "Cabs\Cabs.csproj", "{FE99FC8C-DCA6-4674-B53B-91D54A2F8ABC}"
EndProject
Project("{9A19103F-16F7-4668-BE54-9A1E7A4F7556}") = "CabsTests", "CabsTests\CabsTests.csproj", "{66FFA7A3-C067-4E32-99FA-B1C22EFEB9C9}"
EndProject
Global
	GlobalSection(SolutionConfigurationPlatforms) = preSolution
		Debug|Any CPU = Debug|Any CPU
		Release|Any CPU = Release|Any CPU
	EndGlobalSection
	GlobalSection(ProjectConfigurationPlatforms) = postSolution
		{FE99FC8C-DCA6-4674-B53B-91D54A2F8ABC}.Debug|Any CPU.ActiveCfg = Debug|Any CPU
		{FE99FC8C-DCA6-4674-B53B-91D54A2F8ABC}.Debug|Any CPU.Build.0 = Debug|Any CPU
		{FE99FC8C-DCA6-4674-B53B-91D54A2F8ABC}.Release|Any CPU.ActiveCfg = Release|Any CPU
		{FE99FC8C-DCA6-4674-B53B-91D54A2F8ABC}.Release|Any CPU.Build.0 = Release|Any CPU
		{66FFA7A3-C067-4E32-99FA-B1C22EFEB9C9}.Debug|Any CPU.ActiveCfg = Debug|Any CPU
		{66FFA7A3-C067-4E32-99FA-B1C22EFEB9C9}.Debug|Any CPU.Build.0 = Debug|Any CPU
		{66FFA7A3-C067-4E32-99FA-B1C22EFEB9C9}.Release|Any CPU.ActiveCfg = Release|Any CPU
		{66FFA7A3-C067-4E32-99FA-B1C22EFEB9C9}.Release|Any CPU.Build.0 = Release|Any CPU
	EndGlobalSection
	GlobalSection(SolutionProperties) = preSolution
		HideSolutionNode = FALSE
	EndGlobalSection
	GlobalSection(ExtensibilityGlobals) = postSolution
		SolutionGuid = {C61AFDE0-3D29-4577-B886-06C223A55493}
	EndGlobalSection
EndGlobal
